// !$*UTF8*$!
{
	archiveVersion = 1;
	classes = {
	};
	objectVersion = 77;
	objects = {

/* Begin PBXFileReference section */
		D06EBEC32F717D45007D7D5D /* index.html */ = {isa = PBXFileReference; lastKnownFileType = text.html; path = index.html; sourceTree = "<group>"; };
		D06EBEC52F717D88007D7D5D /* styles.css */ = {isa = PBXFileReference; lastKnownFileType = text.css; path = styles.css; sourceTree = "<group>"; };
		D06EBEC62F717DAF007D7D5D /* game.js */ = {isa = PBXFileReference; lastKnownFileType = sourcecode.javascript; path = game.js; sourceTree = "<group>"; };
		D06EBEC82F718465007D7D5D /* GAME_BIBLE.md */ = {isa = PBXFileReference; lastKnownFileType = sourcecode.swift; path = GAME_BIBLE.md; sourceTree = "<group>"; };
		D06EBEC92F718490007D7D5D /* BACKLOG.md */ = {isa = PBXFileReference; lastKnownFileType = net.daringfireball.markdown; path = BACKLOG.md; sourceTree = "<group>"; };
		D06EBECC2F7184FE007D7D5D /* ROADMAP.md */ = {isa = PBXFileReference; lastKnownFileType = net.daringfireball.markdown; path = ROADMAP.md; sourceTree = "<group>"; };
/* End PBXFileReference section */

/* Begin PBXGroup section */
		D06EBEBC2F717D2D007D7D5D = {
			isa = PBXGroup;
			children = (
				D06EBECC2F7184FE007D7D5D /* ROADMAP.md */,
				D06EBEC92F718490007D7D5D /* BACKLOG.md */,
				D06EBEC82F718465007D7D5D /* GAME_BIBLE.md */,
				D06EBEC62F717DAF007D7D5D /* game.js */,
				D06EBEC52F717D88007D7D5D /* styles.css */,
				D06EBEC32F717D45007D7D5D /* index.html */,
			);
			sourceTree = "<group>";
		};
/* End PBXGroup section */

/* Begin PBXProject section */
		D06EBEBD2F717D2D007D7D5D /* Project object */ = {
			isa = PBXProject;
			attributes = {
				BuildIndependentTargetsInParallel = 1;
				LastUpgradeCheck = 2630;
			};
			buildConfigurationList = D06EBEC02F717D2D007D7D5D /* Build configuration list for PBXProject "stellar run" */;
			developmentRegion = en;
			hasScannedForEncodings = 0;
			knownRegions = (
				en,
				Base,
			);
			mainGroup = D06EBEBC2F717D2D007D7D5D;
			minimizedProjectReferenceProxies = 1;
			preferredProjectObjectVersion = 77;
			projectDirPath = "";
			projectRoot = "";
			targets = (
			);
		};
/* End PBXProject section */

/* Begin XCBuildConfiguration section */
		D06EBEC12F717D2D007D7D5D /* Debug */ = {
			isa = XCBuildConfiguration;
			buildSettings = {
				DEVELOPMENT_TEAM = 7F658LHLNG;
			};
			name = Debug;
		};
		D06EBEC22F717D2D007D7D5D /* Release */ = {
			isa = XCBuildConfiguration;
			buildSettings = {
				DEVELOPMENT_TEAM = 7F658LHLNG;
			};
			name = Release;
		};
/* End XCBuildConfiguration section */

/* Begin XCConfigurationList section */
		D06EBEC02F717D2D007D7D5D /* Build configuration list for PBXProject "stellar run" */ = {
			isa = XCConfigurationList;
			buildConfigurations = (
				D06EBEC12F717D2D007D7D5D /* Debug */,
				D06EBEC22F717D2D007D7D5D /* Release */,
			);
			defaultConfigurationIsVisible = 0;
			defaultConfigurationName = Release;
		};
/* End XCConfigurationList section */
	};
	rootObject = D06EBEBD2F717D2D007D7D5D /* Project object */;
}
